
Microsoft Visual Studio Solution File, Format Version 12.00
# Visual Studio Version 17
VisualStudioVersion = 17.3.32804.467
MinimumVisualStudioVersion = 10.0.40219.1
Project("{9A19103F-16F7-4668-BE54-9A1E7A4F7556}") = "DoneTechno.FizzBuzz", "DoneTechno.FizzBuzz\DoneTechno.FizzBuzz.csproj", "{5429834D-1249-43A5-9DA3-819CFF2B5DD0}"
EndProject
Project("{9A19103F-16F7-4668-BE54-9A1E7A4F7556}") = "DoneTechno.FizzBuzz.Specs", "DoneTechno.FizzBuzz.Specs\DoneTechno.FizzBuzz.Specs.csproj", "{5C1A0D30-13DD-429C-8C98-9B7A89DFAB74}"
EndProject
Global
	GlobalSection(SolutionConfigurationPlatforms) = preSolution
		Debug|Any CPU = Debug|Any CPU
		Release|Any CPU = Release|Any CPU
	EndGlobalSection
	GlobalSection(ProjectConfigurationPlatforms) = postSolution
		{5429834D-1249-43A5-9DA3-819CFF2B5DD0}.Debug|Any CPU.ActiveCfg = Debug|Any CPU
		{5429834D-1249-43A5-9DA3-819CFF2B5DD0}.Debug|Any CPU.Build.0 = Debug|Any CPU
		{5429834D-1249-43A5-9DA3-819CFF2B5DD0}.Release|Any CPU.ActiveCfg = Release|Any CPU
		{5429834D-1249-43A5-9DA3-819CFF2B5DD0}.Release|Any CPU.Build.0 = Release|Any CPU
		{5C1A0D30-13DD-429C-8C98-9B7A89DFAB74}.Debug|Any CPU.ActiveCfg = Debug|Any CPU
		{5C1A0D30-13DD-429C-8C98-9B7A89DFAB74}.Debug|Any CPU.Build.0 = Debug|Any CPU
		{5C1A0D30-13DD-429C-8C98-9B7A89DFAB74}.Release|Any CPU.ActiveCfg = Release|Any CPU
		{5C1A0D30-13DD-429C-8C98-9B7A89DFAB74}.Release|Any CPU.Build.0 = Release|Any CPU
	EndGlobalSection
	GlobalSection(SolutionProperties) = preSolution
		HideSolutionNode = FALSE
	EndGlobalSection
	GlobalSection(ExtensibilityGlobals) = postSolution
		SolutionGuid = {D5007FA2-F15A-46A4-93AE-B862566B9C25}
	EndGlobalSection
EndGlobal
